
Microsoft Visual Studio Solution File, Format Version 12.00
# Visual Studio Version 17
VisualStudioVersion = 17.3.32901.215
MinimumVisualStudioVersion = 10.0.40219.1
Project("{FAE04EC0-301F-11D3-BF4B-00C04F79EFBC}") = "Loja_Computadores", "Loja_Computadores\Loja_Computadores.csproj", "{DF57C94E-A30C-4FB5-808A-199AE8FC7772}"
EndProject
Global
	GlobalSection(SolutionConfigurationPlatforms) = preSolution
		Debug|Any CPU = Debug|Any CPU
		Release|Any CPU = Release|Any CPU
	EndGlobalSection
	GlobalSection(ProjectConfigurationPlatforms) = postSolution
		{DF57C94E-A30C-4FB5-808A-199AE8FC7772}.Debug|Any CPU.ActiveCfg = Debug|Any CPU
		{DF57C94E-A30C-4FB5-808A-199AE8FC7772}.Debug|Any CPU.Build.0 = Debug|Any CPU
		{DF57C94E-A30C-4FB5-808A-199AE8FC7772}.Release|Any CPU.ActiveCfg = Release|Any CPU
		{DF57C94E-A30C-4FB5-808A-199AE8FC7772}.Release|Any CPU.Build.0 = Release|Any CPU
	EndGlobalSection
	GlobalSection(SolutionProperties) = preSolution
		HideSolutionNode = FALSE
	EndGlobalSection
	GlobalSection(ExtensibilityGlobals) = postSolution
		SolutionGuid = {95624F01-D976-46AE-8502-0F65870F22F2}
	EndGlobalSection
EndGlobal
